
Microsoft Visual Studio Solution File, Format Version 12.00
# Visual Studio Version 17
VisualStudioVersion = 17.4.33205.214
MinimumVisualStudioVersion = 10.0.40219.1
Project("{9A19103F-16F7-4668-BE54-9A1E7A4F7556}") = "ModificationHistoryWriterForm", "ModificationHistoryWriterForm\ModificationHistoryWriterForm.csproj", "{2FA18B1D-8AD4-4E43-821E-78832601ADB0}"
EndProject
Project("{9A19103F-16F7-4668-BE54-9A1E7A4F7556}") = "ModificationHistoryWriter", "ModificationHistoryWriter\ModificationHistoryWriter.csproj", "{BF85A428-68BC-44CD-95DF-29312B191D97}"
EndProject
Project("{FAE04EC0-301F-11D3-BF4B-00C04F79EFBC}") = "ModificationHistoryWriter.Test", "ModificationHistoryWriter.Test\ModificationHistoryWriter.Test.csproj", "{9CC800DE-BD43-4186-B19D-CFBB86932EEE}"
EndProject
Global
	GlobalSection(SolutionConfigurationPlatforms) = preSolution
		Debug|Any CPU = Debug|Any CPU
		Release|Any CPU = Release|Any CPU
	EndGlobalSection
	GlobalSection(ProjectConfigurationPlatforms) = postSolution
		{2FA18B1D-8AD4-4E43-821E-78832601ADB0}.Debug|Any CPU.ActiveCfg = Debug|Any CPU
		{2FA18B1D-8AD4-4E43-821E-78832601ADB0}.Debug|Any CPU.Build.0 = Debug|Any CPU
		{2FA18B1D-8AD4-4E43-821E-78832601ADB0}.Release|Any CPU.ActiveCfg = Release|Any CPU
		{2FA18B1D-8AD4-4E43-821E-78832601ADB0}.Release|Any CPU.Build.0 = Release|Any CPU
		{BF85A428-68BC-44CD-95DF-29312B191D97}.Debug|Any CPU.ActiveCfg = Debug|Any CPU
		{BF85A428-68BC-44CD-95DF-29312B191D97}.Debug|Any CPU.Build.0 = Debug|Any CPU
		{BF85A428-68BC-44CD-95DF-29312B191D97}.Release|Any CPU.ActiveCfg = Release|Any CPU
		{BF85A428-68BC-44CD-95DF-29312B191D97}.Release|Any CPU.Build.0 = Release|Any CPU
		{9CC800DE-BD43-4186-B19D-CFBB86932EEE}.Debug|Any CPU.ActiveCfg = Debug|Any CPU
		{9CC800DE-BD43-4186-B19D-CFBB86932EEE}.Debug|Any CPU.Build.0 = Debug|Any CPU
		{9CC800DE-BD43-4186-B19D-CFBB86932EEE}.Release|Any CPU.ActiveCfg = Release|Any CPU
		{9CC800DE-BD43-4186-B19D-CFBB86932EEE}.Release|Any CPU.Build.0 = Release|Any CPU
	EndGlobalSection
	GlobalSection(SolutionProperties) = preSolution
		HideSolutionNode = FALSE
	EndGlobalSection
	GlobalSection(ExtensibilityGlobals) = postSolution
		SolutionGuid = {BC92ADC7-A750-4081-B071-DC742392B600}
	EndGlobalSection
EndGlobal
